
Microsoft Visual Studio Solution File, Format Version 12.00
# Visual Studio Version 16
VisualStudioVersion = 16.0.31105.61
MinimumVisualStudioVersion = 10.0.40219.1
Project("{FAE04EC0-301F-11D3-BF4B-00C04F79EFBC}") = "Weather", "Weather\Weather.csproj", "{607657A4-F26A-4B54-B122-9102FF480DEC}"
EndProject
Global
	GlobalSection(SolutionConfigurationPlatforms) = preSolution
		Debug|Any CPU = Debug|Any CPU
		Release|Any CPU = Release|Any CPU
	EndGlobalSection
	GlobalSection(ProjectConfigurationPlatforms) = postSolution
		{607657A4-F26A-4B54-B122-9102FF480DEC}.Debug|Any CPU.ActiveCfg = Debug|Any CPU
		{607657A4-F26A-4B54-B122-9102FF480DEC}.Debug|Any CPU.Build.0 = Debug|Any CPU
		{607657A4-F26A-4B54-B122-9102FF480DEC}.Release|Any CPU.ActiveCfg = Release|Any CPU
		{607657A4-F26A-4B54-B122-9102FF480DEC}.Release|Any CPU.Build.0 = Release|Any CPU
	EndGlobalSection
	GlobalSection(SolutionProperties) = preSolution
		HideSolutionNode = FALSE
	EndGlobalSection
	GlobalSection(ExtensibilityGlobals) = postSolution
		SolutionGuid = {833875EF-0C31-4F2E-B8F8-EC03A71BCC16}
	EndGlobalSection
EndGlobal
