
Microsoft Visual Studio Solution File, Format Version 12.00
# Visual Studio 15
VisualStudioVersion = 15.0.28307.1433
MinimumVisualStudioVersion = 10.0.40219.1
Project("{FAE04EC0-301F-11D3-BF4B-00C04F79EFBC}") = "CommisVoyageur", "CommisVoyageur\CommisVoyageur.csproj", "{3D358E03-BCD0-4B02-B0CA-DC1B2D406203}"
EndProject
Global
	GlobalSection(SolutionConfigurationPlatforms) = preSolution
		Debug|Any CPU = Debug|Any CPU
		Release|Any CPU = Release|Any CPU
	EndGlobalSection
	GlobalSection(ProjectConfigurationPlatforms) = postSolution
		{3D358E03-BCD0-4B02-B0CA-DC1B2D406203}.Debug|Any CPU.ActiveCfg = Debug|Any CPU
		{3D358E03-BCD0-4B02-B0CA-DC1B2D406203}.Debug|Any CPU.Build.0 = Debug|Any CPU
		{3D358E03-BCD0-4B02-B0CA-DC1B2D406203}.Release|Any CPU.ActiveCfg = Release|Any CPU
		{3D358E03-BCD0-4B02-B0CA-DC1B2D406203}.Release|Any CPU.Build.0 = Release|Any CPU
	EndGlobalSection
	GlobalSection(SolutionProperties) = preSolution
		HideSolutionNode = FALSE
	EndGlobalSection
	GlobalSection(ExtensibilityGlobals) = postSolution
		SolutionGuid = {BDE1B09F-2DFF-44DA-9C30-08F4BB54CA59}
	EndGlobalSection
EndGlobal
